# THIS IS AN AUTOGENERATED FILE. DO NOT EDIT THIS FILE DIRECTLY.
# yarn lockfile v1


js-convert-case@^4.1.2:
  version "4.1.2"
  resolved "https://registry.yarnpkg.com/js-convert-case/-/js-convert-case-4.1.2.tgz#3573c0c746c741818f7ff5de0625ce2df086d9f0"
  integrity sha512-52SdLgNyT50oZwrPSv9LvD3g4OykGnl6yKZDYC2obBWpm3dHUG5ZuQXk8xqNdn4vH1sj6CxpOxVrAYdF6THBIg==
